{
  "name": "hwp",
  "version": "1.0.0",
  "lockfileVersion": 1,
  "requires": true,
  "dependencies": {
    "@types/long": {
      "version": "4.0.1",
      "resolved": "https://registry.npmjs.org/@types/long/-/long-4.0.1.tgz",
      "integrity": "sha512-5tXH6Bx/kNGd3MgffdmP4dy2Z+G4eaXw0SE81Tq3BNadtnMR5/ySMzX4SLEzHJzSmPNn4HIdpQsBvXMUykr58w=="
    },
    "compound-binary-file-js": {
      "version": "1.0.12",
      "resolved": "https://registry.npmjs.org/compound-binary-file-js/-/compound-binary-file-js-1.0.12.tgz",
      "integrity": "sha512-7k5D/TPRgDewCKdduTW3cTAw4q0MuZpgFRYrwd3Fgvv9Wo4Hy6S2Fn/Vt1NcCVcl7LD+RTGCQkGrVNO2S0lYQQ==",
      "requires": {
        "@types/long": "^4.0.1",
        "long": "^4.0.0",
        "ts-treemap": "^1.0.0",
        "utf16-char-codes": "^1.0.0"
      }
    },
    "long": {
      "version": "4.0.0",
      "resolved": "https://registry.npmjs.org/long/-/long-4.0.0.tgz",
      "integrity": "sha512-XsP+KhQif4bjX1kbuSiySJFNAehNxgLb6hPRGJ9QsUr8ajHkuXGdrHmFUTUUXhDwVX2R5bY4JNZEwbUiMhV+MA=="
    },
    "ts-treemap": {
      "version": "1.1.0",
      "resolved": "https://registry.npmjs.org/ts-treemap/-/ts-treemap-1.1.0.tgz",
      "integrity": "sha512-0rWi12x7Y3vLG0bsgPZxeb/GClCcK0JE2L3O00VUhhxP8z+5rVBtUyeCdHcIUl8bEANdCT/D5bjKMW+CnfUZlw=="
    },
    "tslib": {
      "version": "2.2.0",
      "resolved": "https://registry.npmjs.org/tslib/-/tslib-2.2.0.tgz",
      "integrity": "sha512-gS9GVHRU+RGn5KQM2rllAlR3dU6m7AcpJKdtH8gFvQiC4Otgk98XnmMU+nZenHt/+VhnBPWwgrJsyrdcw6i23w=="
    },
    "utf16-char-codes": {
      "version": "1.0.3",
      "resolved": "https://registry.npmjs.org/utf16-char-codes/-/utf16-char-codes-1.0.3.tgz",
      "integrity": "sha512-yz00tGA/Jt7LHJaSLDn3l/lUkP2vZ8WMdD1ib1jEfZt+6QAQenjdiiMGRtDZgpcENaDVMjNnUE232dcvTdX/SA=="
    }
  }
}
